<?xml version="1.0" encoding="utf-8"?>
<Project ToolsVersion="4.0" xmlns="http://schemas.microsoft.com/developer/msbuild/2003">
  <ItemGroup>
    <Filter Include="source">
      <UniqueIdentifier>{439a7dc6-d3a5-4694-9789-1720227d4926}</UniqueIdentifier>
      <Extensions>cpp;c;cxx;def;odl;idl;hpj;bat;asm</Extensions>
    </Filter>
    <Filter Include="resource">
      <UniqueIdentifier>{d752894b-cc89-4222-86d3-3ee2dc9b9cd5}</UniqueIdentifier>
      <Extensions>rc;ico;cur;bmp;dlg;rc2;rct;bin;rgs;jpg;jpeg;jpe;png;manifest</Extensions>
    </Filter>
    <Filter Include="Classes">
      <UniqueIdentifier>{5c976276-0b7a-43e1-a50d-2cf21f7167c0}</UniqueIdentifier>
    </Filter>
  </ItemGroup>
  <ItemGroup>
    <None Include="win32\res\langrisser.ico">
      <Filter>resource</Filter>
    </None>
    <None Include="Resources\hello.lua" />
  </ItemGroup>
  <ItemGroup>
    <ResourceCompile Include="win32\langrisser.rc">
      <Filter>resource</Filter>
    </ResourceCompile>
  </ItemGroup>
  <ItemGroup>
    <ClInclude Include="Classes\cocos2dx_support\LuaEngineImpl.h">
      <Filter>Classes</Filter>
    </ClInclude>
    <ClInclude Include="Classes\AppDelegate.h">
      <Filter>Classes</Filter>
    </ClInclude>
    <ClInclude Include="Classes\cocos2dx_support\LuaCocos2d.h">
      <Filter>Classes</Filter>
    </ClInclude>
    <ClInclude Include="Classes\cocos2dx_support\LuaEngine.h">
      <Filter>Classes</Filter>
    </ClInclude>
    <ClInclude Include="win32\resource.h">
      <Filter>source</Filter>
    </ClInclude>
    <ClInclude Include="win32\main.h">
      <Filter>source</Filter>
    </ClInclude>
    <ClInclude Include="Classes\cocos2dx_support\LuaSimpleAudioEngine.h">
      <Filter>Classes</Filter>
    </ClInclude>
  </ItemGroup>
  <ItemGroup>
    <ClCompile Include="win32\main.cpp">
      <Filter>source</Filter>
    </ClCompile>
    <ClCompile Include="Classes\cocos2dx_support\LuaEngineImpl.cpp">
      <Filter>Classes</Filter>
    </ClCompile>
    <ClCompile Include="Classes\AppDelegate.cpp">
      <Filter>Classes</Filter>
    </ClCompile>
    <ClCompile Include="Classes\cocos2dx_support\LuaCocos2d.cpp">
      <Filter>Classes</Filter>
    </ClCompile>
    <ClCompile Include="Classes\cocos2dx_support\LuaEngine.cpp">
      <Filter>Classes</Filter>
    </ClCompile>
    <ClCompile Include="Classes\cocos2dx_support\LuaSimpleAudioEngine.cpp">
      <Filter>Classes</Filter>
    </ClCompile>
  </ItemGroup>
</Project>